
Microsoft Visual Studio Solution File, Format Version 12.00
# Visual Studio 14
VisualStudioVersion = 14.0.24720.0
MinimumVisualStudioVersion = 10.0.40219.1
Project("{FAE04EC0-301F-11D3-BF4B-00C04F79EFBC}") = "SymbolFetch", "SymbolFetch\SymbolFetch.csproj", "{D3D57E4E-D72D-4011-99B2-C9BF5487E53C}"
EndProject
Global
	GlobalSection(SolutionConfigurationPlatforms) = preSolution
		Debug|Any CPU = Debug|Any CPU
		Release|Any CPU = Release|Any CPU
	EndGlobalSection
	GlobalSection(ProjectConfigurationPlatforms) = postSolution
		{D3D57E4E-D72D-4011-99B2-C9BF5487E53C}.Debug|Any CPU.ActiveCfg = Debug|Any CPU
		{D3D57E4E-D72D-4011-99B2-C9BF5487E53C}.Debug|Any CPU.Build.0 = Debug|Any CPU
		{D3D57E4E-D72D-4011-99B2-C9BF5487E53C}.Release|Any CPU.ActiveCfg = Release|Any CPU
		{D3D57E4E-D72D-4011-99B2-C9BF5487E53C}.Release|Any CPU.Build.0 = Release|Any CPU
	EndGlobalSection
	GlobalSection(SolutionProperties) = preSolution
		HideSolutionNode = FALSE
	EndGlobalSection
EndGlobal
